
Microsoft Visual Studio Solution File, Format Version 12.00
# Visual Studio Version 17
VisualStudioVersion = 17.13.35828.75
MinimumVisualStudioVersion = 10.0.40219.1
Project("{FAE04EC0-301F-11D3-BF4B-00C04F79EFBC}") = "WindowsFormsApp2", "WindowsFormsApp2\WindowsFormsApp2.csproj", "{45775C56-2B75-4EC8-ACDA-2BE9DB51B7EE}"
EndProject
Project("{FAE04EC0-301F-11D3-BF4B-00C04F79EFBC}") = "MenuLibrary", "MenuLibrary\MenuLibrary.csproj", "{BABBF19E-799E-407B-AD44-79E06C04DD41}"
EndProject
Project("{FAE04EC0-301F-11D3-BF4B-00C04F79EFBC}") = "AuthLibrary", "AuthLibrary\AuthLibrary.csproj", "{08E585D7-0F21-4AFA-8CC0-D56CF44189F6}"
EndProject
Project("{FAE04EC0-301F-11D3-BF4B-00C04F79EFBC}") = "DllApp", "DllApp\DllApp.csproj", "{DC9C7E18-E93D-4DDE-BE5C-17B356FD25F7}"
	ProjectSection(ProjectDependencies) = postProject
		{08E585D7-0F21-4AFA-8CC0-D56CF44189F6} = {08E585D7-0F21-4AFA-8CC0-D56CF44189F6}
		{BABBF19E-799E-407B-AD44-79E06C04DD41} = {BABBF19E-799E-407B-AD44-79E06C04DD41}
	EndProjectSection
EndProject
Global
	GlobalSection(SolutionConfigurationPlatforms) = preSolution
		Debug|Any CPU = Debug|Any CPU
		Release|Any CPU = Release|Any CPU
	EndGlobalSection
	GlobalSection(ProjectConfigurationPlatforms) = postSolution
		{45775C56-2B75-4EC8-ACDA-2BE9DB51B7EE}.Debug|Any CPU.ActiveCfg = Debug|Any CPU
		{45775C56-2B75-4EC8-ACDA-2BE9DB51B7EE}.Debug|Any CPU.Build.0 = Debug|Any CPU
		{45775C56-2B75-4EC8-ACDA-2BE9DB51B7EE}.Release|Any CPU.ActiveCfg = Release|Any CPU
		{45775C56-2B75-4EC8-ACDA-2BE9DB51B7EE}.Release|Any CPU.Build.0 = Release|Any CPU
		{BABBF19E-799E-407B-AD44-79E06C04DD41}.Debug|Any CPU.ActiveCfg = Debug|Any CPU
		{BABBF19E-799E-407B-AD44-79E06C04DD41}.Debug|Any CPU.Build.0 = Debug|Any CPU
		{BABBF19E-799E-407B-AD44-79E06C04DD41}.Release|Any CPU.ActiveCfg = Release|Any CPU
		{BABBF19E-799E-407B-AD44-79E06C04DD41}.Release|Any CPU.Build.0 = Release|Any CPU
		{08E585D7-0F21-4AFA-8CC0-D56CF44189F6}.Debug|Any CPU.ActiveCfg = Debug|Any CPU
		{08E585D7-0F21-4AFA-8CC0-D56CF44189F6}.Debug|Any CPU.Build.0 = Debug|Any CPU
		{08E585D7-0F21-4AFA-8CC0-D56CF44189F6}.Release|Any CPU.ActiveCfg = Release|Any CPU
		{08E585D7-0F21-4AFA-8CC0-D56CF44189F6}.Release|Any CPU.Build.0 = Release|Any CPU
		{DC9C7E18-E93D-4DDE-BE5C-17B356FD25F7}.Debug|Any CPU.ActiveCfg = Debug|Any CPU
		{DC9C7E18-E93D-4DDE-BE5C-17B356FD25F7}.Debug|Any CPU.Build.0 = Debug|Any CPU
		{DC9C7E18-E93D-4DDE-BE5C-17B356FD25F7}.Release|Any CPU.ActiveCfg = Release|Any CPU
		{DC9C7E18-E93D-4DDE-BE5C-17B356FD25F7}.Release|Any CPU.Build.0 = Release|Any CPU
	EndGlobalSection
	GlobalSection(SolutionProperties) = preSolution
		HideSolutionNode = FALSE
	EndGlobalSection
	GlobalSection(ExtensibilityGlobals) = postSolution
		SolutionGuid = {5B05E027-46B6-42A1-A782-A3AF7AC96DFF}
	EndGlobalSection
EndGlobal
